// !$*UTF8*$!
{
	archiveVersion = 1;
	classes = {
	};
	objectVersion = 46;
	objects = {

/* Begin PBXBuildFile section */
		57B0AE8BA59D5868C88E348D /* libPods-NaijaTalk.a in Frameworks */ = {isa = PBXBuildFile; fileRef = 0914B67C928723AC2DDBD053 /* libPods-NaijaTalk.a */; };
		A581113D1C40B82000A3939C /* AppDelegate.swift in Sources */ = {isa = PBXBuildFile; fileRef = A581113C1C40B82000A3939C /* AppDelegate.swift */; };
		A58111421C40B82000A3939C /* Main.storyboard in Resources */ = {isa = PBXBuildFile; fileRef = A58111401C40B82000A3939C /* Main.storyboard */; };
		A58111471C40B82100A3939C /* Assets.xcassets in Resources */ = {isa = PBXBuildFile; fileRef = A58111461C40B82100A3939C /* Assets.xcassets */; };
		A581114A1C40B82100A3939C /* LaunchScreen.storyboard in Resources */ = {isa = PBXBuildFile; fileRef = A58111481C40B82100A3939C /* LaunchScreen.storyboard */; };
		A58111551C40B82100A3939C /* NaijaTalkTests.swift in Sources */ = {isa = PBXBuildFile; fileRef = A58111541C40B82100A3939C /* NaijaTalkTests.swift */; };
		A58111601C40B82100A3939C /* NaijaTalkUITests.swift in Sources */ = {isa = PBXBuildFile; fileRef = A581115F1C40B82100A3939C /* NaijaTalkUITests.swift */; };
		A58111741C40D35500A3939C /* NTGenericVC.swift in Sources */ = {isa = PBXBuildFile; fileRef = A58111731C40D35500A3939C /* NTGenericVC.swift */; };
		A58111781C40D41100A3939C /* NTFirebaseHelper.swift in Sources */ = {isa = PBXBuildFile; fileRef = A58111771C40D41100A3939C /* NTFirebaseHelper.swift */; };
		A581117F1C40E89900A3939C /* NTLoginViewController.swift in Sources */ = {isa = PBXBuildFile; fileRef = A581117E1C40E89900A3939C /* NTLoginViewController.swift */; };
		A58111811C40EDE600A3939C /* GoogleService-Info.plist in Resources */ = {isa = PBXBuildFile; fileRef = A58111801C40EDE600A3939C /* GoogleService-Info.plist */; };
		A58111841C41085C00A3939C /* NTUser.swift in Sources */ = {isa = PBXBuildFile; fileRef = A58111831C41085C00A3939C /* NTUser.swift */; };
		A58111861C410D1100A3939C /* FBSDKCoreKit.framework in Frameworks */ = {isa = PBXBuildFile; fileRef = A58111851C410D1100A3939C /* FBSDKCoreKit.framework */; };
		A58111881C410D1A00A3939C /* FBSDKLoginKit.framework in Frameworks */ = {isa = PBXBuildFile; fileRef = A58111871C410D1A00A3939C /* FBSDKLoginKit.framework */; };
		A581118A1C410D2300A3939C /* FBSDKShareKit.framework in Frameworks */ = {isa = PBXBuildFile; fileRef = A58111891C410D2300A3939C /* FBSDKShareKit.framework */; };
		A581118C1C417ACC00A3939C /* NTUserProfileUpdateViewController.swift in Sources */ = {isa = PBXBuildFile; fileRef = A581118B1C417ACB00A3939C /* NTUserProfileUpdateViewController.swift */; };
		A5E7F3B01C4271E1003027F2 /* NTLoggedFeedsViewController.swift in Sources */ = {isa = PBXBuildFile; fileRef = A5E7F3AF1C4271E1003027F2 /* NTLoggedFeedsViewController.swift */; };
		A5E7F3B21C42721D003027F2 /* NTCurrentUserLogViewController.swift in Sources */ = {isa = PBXBuildFile; fileRef = A5E7F3B11C42721D003027F2 /* NTCurrentUserLogViewController.swift */; };
		A5E7F3B51C427485003027F2 /* NTFeedCell.xib in Resources */ = {isa = PBXBuildFile; fileRef = A5E7F3B41C427485003027F2 /* NTFeedCell.xib */; };
		A5E7F3B71C428509003027F2 /* NTFeedsTableViewCell.swift in Sources */ = {isa = PBXBuildFile; fileRef = A5E7F3B61C428509003027F2 /* NTFeedsTableViewCell.swift */; };
		A5E7F3B91C42903F003027F2 /* NTCreateFeedViewController.swift in Sources */ = {isa = PBXBuildFile; fileRef = A5E7F3B81C42903F003027F2 /* NTCreateFeedViewController.swift */; };
		A5E7F3BB1C42B9CA003027F2 /* NTLogs.swift in Sources */ = {isa = PBXBuildFile; fileRef = A5E7F3BA1C42B9CA003027F2 /* NTLogs.swift */; };
		A5E7F3E71C441891003027F2 /* MyFeedTableViewCell.swift in Sources */ = {isa = PBXBuildFile; fileRef = A5E7F3E61C441891003027F2 /* MyFeedTableViewCell.swift */; };
		A5E7F3E91C442A0C003027F2 /* NTCommentTableViewCell.swift in Sources */ = {isa = PBXBuildFile; fileRef = A5E7F3E81C442A0C003027F2 /* NTCommentTableViewCell.swift */; };
		A5E7F3EB1C443B62003027F2 /* NTFeedDetailTableViewCell.swift in Sources */ = {isa = PBXBuildFile; fileRef = A5E7F3EA1C443B62003027F2 /* NTFeedDetailTableViewCell.swift */; };
		A5E7F40B1C44E258003027F2 /* NTFeedDetailsTableViewController.swift in Sources */ = {isa = PBXBuildFile; fileRef = A5E7F40A1C44E258003027F2 /* NTFeedDetailsTableViewController.swift */; };
		A5E7F40D1C450947003027F2 /* Comment.swift in Sources */ = {isa = PBXBuildFile; fileRef = A5E7F40C1C450947003027F2 /* Comment.swift */; };
		A5E7F40F1C450CAD003027F2 /* NTAddCommentViewController.swift in Sources */ = {isa = PBXBuildFile; fileRef = A5E7F40E1C450CAD003027F2 /* NTAddCommentViewController.swift */; };
		A5E7F4111C45B2D1003027F2 /* activityIndicator.swift in Sources */ = {isa = PBXBuildFile; fileRef = A5E7F4101C45B2D1003027F2 /* activityIndicator.swift */; };
/* End PBXBuildFile section */

/* Begin PBXContainerItemProxy section */
		A58111511C40B82100A3939C /* PBXContainerItemProxy */ = {
			isa = PBXContainerItemProxy;
			containerPortal = A58111311C40B82000A3939C /* Project object */;
			proxyType = 1;
			remoteGlobalIDString = A58111381C40B82000A3939C;
			remoteInfo = NaijaTalk;
		};
		A581115C1C40B82100A3939C /* PBXContainerItemProxy */ = {
			isa = PBXContainerItemProxy;
			containerPortal = A58111311C40B82000A3939C /* Project object */;
			proxyType = 1;
			remoteGlobalIDString = A58111381C40B82000A3939C;
			remoteInfo = NaijaTalk;
		};
/* End PBXContainerItemProxy section */

/* Begin PBXFileReference section */
		0914B67C928723AC2DDBD053 /* libPods-NaijaTalk.a */ = {isa = PBXFileReference; explicitFileType = archive.ar; includeInIndex = 0; path = "libPods-NaijaTalk.a"; sourceTree = BUILT_PRODUCTS_DIR; };
		743C178A557681503669B040 /* Pods-NaijaTalk.release.xcconfig */ = {isa = PBXFileReference; includeInIndex = 1; lastKnownFileType = text.xcconfig; name = "Pods-NaijaTalk.release.xcconfig"; path = "Pods/Target Support Files/Pods-NaijaTalk/Pods-NaijaTalk.release.xcconfig"; sourceTree = "<group>"; };
		A58111391C40B82000A3939C /* NaijaTalk.app */ = {isa = PBXFileReference; explicitFileType = wrapper.application; includeInIndex = 0; path = NaijaTalk.app; sourceTree = BUILT_PRODUCTS_DIR; };
		A581113C1C40B82000A3939C /* AppDelegate.swift */ = {isa = PBXFileReference; lastKnownFileType = sourcecode.swift; path = AppDelegate.swift; sourceTree = "<group>"; };
		A58111411C40B82000A3939C /* Base */ = {isa = PBXFileReference; lastKnownFileType = file.storyboard; name = Base; path = Base.lproj/Main.storyboard; sourceTree = "<group>"; };
		A58111461C40B82100A3939C /* Assets.xcassets */ = {isa = PBXFileReference; lastKnownFileType = folder.assetcatalog; path = Assets.xcassets; sourceTree = "<group>"; };
		A58111491C40B82100A3939C /* Base */ = {isa = PBXFileReference; lastKnownFileType = file.storyboard; name = Base; path = Base.lproj/LaunchScreen.storyboard; sourceTree = "<group>"; };
		A581114B1C40B82100A3939C /* Info.plist */ = {isa = PBXFileReference; lastKnownFileType = text.plist.xml; path = Info.plist; sourceTree = "<group>"; };
		A58111501C40B82100A3939C /* NaijaTalkTests.xctest */ = {isa = PBXFileReference; explicitFileType = wrapper.cfbundle; includeInIndex = 0; path = NaijaTalkTests.xctest; sourceTree = BUILT_PRODUCTS_DIR; };
		A58111541C40B82100A3939C /* NaijaTalkTests.swift */ = {isa = PBXFileReference; lastKnownFileType = sourcecode.swift; path = NaijaTalkTests.swift; sourceTree = "<group>"; };
		A58111561C40B82100A3939C /* Info.plist */ = {isa = PBXFileReference; lastKnownFileType = text.plist.xml; path = Info.plist; sourceTree = "<group>"; };
		A581115B1C40B82100A3939C /* NaijaTalkUITests.xctest */ = {isa = PBXFileReference; explicitFileType = wrapper.cfbundle; includeInIndex = 0; path = NaijaTalkUITests.xctest; sourceTree = BUILT_PRODUCTS_DIR; };
		A581115F1C40B82100A3939C /* NaijaTalkUITests.swift */ = {isa = PBXFileReference; lastKnownFileType = sourcecode.swift; path = NaijaTalkUITests.swift; sourceTree = "<group>"; };
		A58111611C40B82100A3939C /* Info.plist */ = {isa = PBXFileReference; lastKnownFileType = text.plist.xml; path = Info.plist; sourceTree = "<group>"; };
		A58111731C40D35500A3939C /* NTGenericVC.swift */ = {isa = PBXFileReference; fileEncoding = 4; lastKnownFileType = sourcecode.swift; path = NTGenericVC.swift; sourceTree = "<group>"; };
		A58111771C40D41100A3939C /* NTFirebaseHelper.swift */ = {isa = PBXFileReference; fileEncoding = 4; lastKnownFileType = sourcecode.swift; path = NTFirebaseHelper.swift; sourceTree = "<group>"; };
		A581117C1C40DA1900A3939C /* NaijaTalk-Bridging-Header.h */ = {isa = PBXFileReference; lastKnownFileType = sourcecode.c.h; path = "NaijaTalk-Bridging-Header.h"; sourceTree = "<group>"; };
		A581117E1C40E89900A3939C /* NTLoginViewController.swift */ = {isa = PBXFileReference; fileEncoding = 4; lastKnownFileType = sourcecode.swift; path = NTLoginViewController.swift; sourceTree = "<group>"; };
		A58111801C40EDE600A3939C /* GoogleService-Info.plist */ = {isa = PBXFileReference; fileEncoding = 4; lastKnownFileType = text.plist.xml; path = "GoogleService-Info.plist"; sourceTree = "<group>"; };
		A58111831C41085C00A3939C /* NTUser.swift */ = {isa = PBXFileReference; fileEncoding = 4; lastKnownFileType = sourcecode.swift; path = NTUser.swift; sourceTree = "<group>"; };
		A58111851C410D1100A3939C /* FBSDKCoreKit.framework */ = {isa = PBXFileReference; lastKnownFileType = wrapper.framework; path = FBSDKCoreKit.framework; sourceTree = "<group>"; };
		A58111871C410D1A00A3939C /* FBSDKLoginKit.framework */ = {isa = PBXFileReference; lastKnownFileType = wrapper.framework; path = FBSDKLoginKit.framework; sourceTree = "<group>"; };
		A58111891C410D2300A3939C /* FBSDKShareKit.framework */ = {isa = PBXFileReference; lastKnownFileType = wrapper.framework; path = FBSDKShareKit.framework; sourceTree = "<group>"; };
		A581118B1C417ACB00A3939C /* NTUserProfileUpdateViewController.swift */ = {isa = PBXFileReference; fileEncoding = 4; lastKnownFileType = sourcecode.swift; path = NTUserProfileUpdateViewController.swift; sourceTree = "<group>"; };
		A5E7F3AF1C4271E1003027F2 /* NTLoggedFeedsViewController.swift */ = {isa = PBXFileReference; fileEncoding = 4; lastKnownFileType = sourcecode.swift; path = NTLoggedFeedsViewController.swift; sourceTree = "<group>"; };
		A5E7F3B11C42721D003027F2 /* NTCurrentUserLogViewController.swift */ = {isa = PBXFileReference; fileEncoding = 4; lastKnownFileType = sourcecode.swift; path = NTCurrentUserLogViewController.swift; sourceTree = "<group>"; };
		A5E7F3B41C427485003027F2 /* NTFeedCell.xib */ = {isa = PBXFileReference; fileEncoding = 4; lastKnownFileType = file.xib; path = NTFeedCell.xib; sourceTree = "<group>"; };
		A5E7F3B61C428509003027F2 /* NTFeedsTableViewCell.swift */ = {isa = PBXFileReference; fileEncoding = 4; lastKnownFileType = sourcecode.swift; path = NTFeedsTableViewCell.swift; sourceTree = "<group>"; };
		A5E7F3B81C42903F003027F2 /* NTCreateFeedViewController.swift */ = {isa = PBXFileReference; fileEncoding = 4; lastKnownFileType = sourcecode.swift; path = NTCreateFeedViewController.swift; sourceTree = "<group>"; };
		A5E7F3BA1C42B9CA003027F2 /* NTLogs.swift */ = {isa = PBXFileReference; fileEncoding = 4; lastKnownFileType = sourcecode.swift; path = NTLogs.swift; sourceTree = "<group>"; };
		A5E7F3E61C441891003027F2 /* MyFeedTableViewCell.swift */ = {isa = PBXFileReference; fileEncoding = 4; lastKnownFileType = sourcecode.swift; path = MyFeedTableViewCell.swift; sourceTree = "<group>"; };
		A5E7F3E81C442A0C003027F2 /* NTCommentTableViewCell.swift */ = {isa = PBXFileReference; fileEncoding = 4; lastKnownFileType = sourcecode.swift; path = NTCommentTableViewCell.swift; sourceTree = "<group>"; };
		A5E7F3EA1C443B62003027F2 /* NTFeedDetailTableViewCell.swift */ = {isa = PBXFileReference; fileEncoding = 4; lastKnownFileType = sourcecode.swift; path = NTFeedDetailTableViewCell.swift; sourceTree = "<group>"; };
		A5E7F40A1C44E258003027F2 /* NTFeedDetailsTableViewController.swift */ = {isa = PBXFileReference; fileEncoding = 4; lastKnownFileType = sourcecode.swift; path = NTFeedDetailsTableViewController.swift; sourceTree = "<group>"; };
		A5E7F40C1C450947003027F2 /* Comment.swift */ = {isa = PBXFileReference; fileEncoding = 4; lastKnownFileType = sourcecode.swift; path = Comment.swift; sourceTree = "<group>"; };
		A5E7F40E1C450CAD003027F2 /* NTAddCommentViewController.swift */ = {isa = PBXFileReference; fileEncoding = 4; lastKnownFileType = sourcecode.swift; path = NTAddCommentViewController.swift; sourceTree = "<group>"; };
		A5E7F4101C45B2D1003027F2 /* activityIndicator.swift */ = {isa = PBXFileReference; fileEncoding = 4; lastKnownFileType = sourcecode.swift; path = activityIndicator.swift; sourceTree = "<group>"; };
		D2C58C115F4C0137CB82BB9C /* Pods-NaijaTalk.debug.xcconfig */ = {isa = PBXFileReference; includeInIndex = 1; lastKnownFileType = text.xcconfig; name = "Pods-NaijaTalk.debug.xcconfig"; path = "Pods/Target Support Files/Pods-NaijaTalk/Pods-NaijaTalk.debug.xcconfig"; sourceTree = "<group>"; };
/* End PBXFileReference section */

/* Begin PBXFrameworksBuildPhase section */
		A58111361C40B82000A3939C /* Frameworks */ = {
			isa = PBXFrameworksBuildPhase;
			buildActionMask = 2147483647;
			files = (
				A581118A1C410D2300A3939C /* FBSDKShareKit.framework in Frameworks */,
				A58111861C410D1100A3939C /* FBSDKCoreKit.framework in Frameworks */,
				A58111881C410D1A00A3939C /* FBSDKLoginKit.framework in Frameworks */,
				57B0AE8BA59D5868C88E348D /* libPods-NaijaTalk.a in Frameworks */,
			);
			runOnlyForDeploymentPostprocessing = 0;
		};
		A581114D1C40B82100A3939C /* Frameworks */ = {
			isa = PBXFrameworksBuildPhase;
			buildActionMask = 2147483647;
			files = (
			);
			runOnlyForDeploymentPostprocessing = 0;
		};
		A58111581C40B82100A3939C /* Frameworks */ = {
			isa = PBXFrameworksBuildPhase;
			buildActionMask = 2147483647;
			files = (
			);
			runOnlyForDeploymentPostprocessing = 0;
		};
/* End PBXFrameworksBuildPhase section */

/* Begin PBXGroup section */
		08EC482C4BC3C34439AC28A0 /* Frameworks */ = {
			isa = PBXGroup;
			children = (
				A58111891C410D2300A3939C /* FBSDKShareKit.framework */,
				A58111871C410D1A00A3939C /* FBSDKLoginKit.framework */,
				A58111851C410D1100A3939C /* FBSDKCoreKit.framework */,
				0914B67C928723AC2DDBD053 /* libPods-NaijaTalk.a */,
			);
			name = Frameworks;
			sourceTree = "<group>";
		};
		7C74F2FEEE7894F2B0BA74D5 /* Pods */ = {
			isa = PBXGroup;
			children = (
				D2C58C115F4C0137CB82BB9C /* Pods-NaijaTalk.debug.xcconfig */,
				743C178A557681503669B040 /* Pods-NaijaTalk.release.xcconfig */,
			);
			name = Pods;
			sourceTree = "<group>";
		};
		A58111301C40B82000A3939C = {
			isa = PBXGroup;
			children = (
				A581113B1C40B82000A3939C /* NaijaTalk */,
				A58111531C40B82100A3939C /* NaijaTalkTests */,
				A581115E1C40B82100A3939C /* NaijaTalkUITests */,
				A581113A1C40B82000A3939C /* Products */,
				7C74F2FEEE7894F2B0BA74D5 /* Pods */,
				08EC482C4BC3C34439AC28A0 /* Frameworks */,
			);
			sourceTree = "<group>";
		};
		A581113A1C40B82000A3939C /* Products */ = {
			isa = PBXGroup;
			children = (
				A58111391C40B82000A3939C /* NaijaTalk.app */,
				A58111501C40B82100A3939C /* NaijaTalkTests.xctest */,
				A581115B1C40B82100A3939C /* NaijaTalkUITests.xctest */,
			);
			name = Products;
			sourceTree = "<group>";
		};
		A581113B1C40B82000A3939C /* NaijaTalk */ = {
			isa = PBXGroup;
			children = (
				A5E7F3B31C427462003027F2 /* Views */,
				A58111821C41083C00A3939C /* Models */,
				A58111801C40EDE600A3939C /* GoogleService-Info.plist */,
				A581117D1C40E86000A3939C /* controllers */,
				A58111761C40D3EE00A3939C /* Firebase Classes */,
				A58111721C40D34700A3939C /* Generic Classes */,
				A581113C1C40B82000A3939C /* AppDelegate.swift */,
				A58111401C40B82000A3939C /* Main.storyboard */,
				A58111461C40B82100A3939C /* Assets.xcassets */,
				A58111481C40B82100A3939C /* LaunchScreen.storyboard */,
				A581114B1C40B82100A3939C /* Info.plist */,
				A581117C1C40DA1900A3939C /* NaijaTalk-Bridging-Header.h */,
			);
			path = NaijaTalk;
			sourceTree = "<group>";
		};
		A58111531C40B82100A3939C /* NaijaTalkTests */ = {
			isa = PBXGroup;
			children = (
				A58111541C40B82100A3939C /* NaijaTalkTests.swift */,
				A58111561C40B82100A3939C /* Info.plist */,
			);
			path = NaijaTalkTests;
			sourceTree = "<group>";
		};
		A581115E1C40B82100A3939C /* NaijaTalkUITests */ = {
			isa = PBXGroup;
			children = (
				A581115F1C40B82100A3939C /* NaijaTalkUITests.swift */,
				A58111611C40B82100A3939C /* Info.plist */,
			);
			path = NaijaTalkUITests;
			sourceTree = "<group>";
		};
		A58111721C40D34700A3939C /* Generic Classes */ = {
			isa = PBXGroup;
			children = (
				A58111731C40D35500A3939C /* NTGenericVC.swift */,
				A5E7F4101C45B2D1003027F2 /* activityIndicator.swift */,
			);
			name = "Generic Classes";
			sourceTree = "<group>";
		};
		A58111761C40D3EE00A3939C /* Firebase Classes */ = {
			isa = PBXGroup;
			children = (
				A58111771C40D41100A3939C /* NTFirebaseHelper.swift */,
			);
			name = "Firebase Classes";
			sourceTree = "<group>";
		};
		A581117D1C40E86000A3939C /* controllers */ = {
			isa = PBXGroup;
			children = (
				A581117E1C40E89900A3939C /* NTLoginViewController.swift */,
				A581118B1C417ACB00A3939C /* NTUserProfileUpdateViewController.swift */,
				A5E7F3AF1C4271E1003027F2 /* NTLoggedFeedsViewController.swift */,
				A5E7F3B11C42721D003027F2 /* NTCurrentUserLogViewController.swift */,
				A5E7F3B81C42903F003027F2 /* NTCreateFeedViewController.swift */,
				A5E7F40A1C44E258003027F2 /* NTFeedDetailsTableViewController.swift */,
				A5E7F40E1C450CAD003027F2 /* NTAddCommentViewController.swift */,
			);
			name = controllers;
			sourceTree = "<group>";
		};
		A58111821C41083C00A3939C /* Models */ = {
			isa = PBXGroup;
			children = (
				A58111831C41085C00A3939C /* NTUser.swift */,
				A5E7F3BA1C42B9CA003027F2 /* NTLogs.swift */,
				A5E7F40C1C450947003027F2 /* Comment.swift */,
			);
			name = Models;
			sourceTree = "<group>";
		};
		A5E7F3B31C427462003027F2 /* Views */ = {
			isa = PBXGroup;
			children = (
				A5E7F3B41C427485003027F2 /* NTFeedCell.xib */,
				A5E7F3B61C428509003027F2 /* NTFeedsTableViewCell.swift */,
				A5E7F3E61C441891003027F2 /* MyFeedTableViewCell.swift */,
				A5E7F3E81C442A0C003027F2 /* NTCommentTableViewCell.swift */,
				A5E7F3EA1C443B62003027F2 /* NTFeedDetailTableViewCell.swift */,
			);
			name = Views;
			sourceTree = "<group>";
		};
/* End PBXGroup section */

/* Begin PBXNativeTarget section */
		A58111381C40B82000A3939C /* NaijaTalk */ = {
			isa = PBXNativeTarget;
			buildConfigurationList = A58111641C40B82100A3939C /* Build configuration list for PBXNativeTarget "NaijaTalk" */;
			buildPhases = (
				B7265333E2771DD1A3496955 /* Check Pods Manifest.lock */,
				A58111351C40B82000A3939C /* Sources */,
				A58111361C40B82000A3939C /* Frameworks */,
				A58111371C40B82000A3939C /* Resources */,
				4EE969BB27EF278DCD0D4C25 /* Embed Pods Frameworks */,
				46099C7C7F5D2379ED8D08B5 /* Copy Pods Resources */,
			);
			buildRules = (
			);
			dependencies = (
			);
			name = NaijaTalk;
			productName = NaijaTalk;
			productReference = A58111391C40B82000A3939C /* NaijaTalk.app */;
			productType = "com.apple.product-type.application";
		};
		A581114F1C40B82100A3939C /* NaijaTalkTests */ = {
			isa = PBXNativeTarget;
			buildConfigurationList = A58111671C40B82100A3939C /* Build configuration list for PBXNativeTarget "NaijaTalkTests" */;
			buildPhases = (
				A581114C1C40B82100A3939C /* Sources */,
				A581114D1C40B82100A3939C /* Frameworks */,
				A581114E1C40B82100A3939C /* Resources */,
			);
			buildRules = (
			);
			dependencies = (
				A58111521C40B82100A3939C /* PBXTargetDependency */,
			);
			name = NaijaTalkTests;
			productName = NaijaTalkTests;
			productReference = A58111501C40B82100A3939C /* NaijaTalkTests.xctest */;
			productType = "com.apple.product-type.bundle.unit-test";
		};
		A581115A1C40B82100A3939C /* NaijaTalkUITests */ = {
			isa = PBXNativeTarget;
			buildConfigurationList = A581116A1C40B82100A3939C /* Build configuration list for PBXNativeTarget "NaijaTalkUITests" */;
			buildPhases = (
				A58111571C40B82100A3939C /* Sources */,
				A58111581C40B82100A3939C /* Frameworks */,
				A58111591C40B82100A3939C /* Resources */,
			);
			buildRules = (
			);
			dependencies = (
				A581115D1C40B82100A3939C /* PBXTargetDependency */,
			);
			name = NaijaTalkUITests;
			productName = NaijaTalkUITests;
			productReference = A581115B1C40B82100A3939C /* NaijaTalkUITests.xctest */;
			productType = "com.apple.product-type.bundle.ui-testing";
		};
/* End PBXNativeTarget section */

/* Begin PBXProject section */
		A58111311C40B82000A3939C /* Project object */ = {
			isa = PBXProject;
			attributes = {
				LastSwiftUpdateCheck = 0720;
				LastUpgradeCheck = 0720;
				ORGANIZATIONNAME = "Johnson Ejezie";
				TargetAttributes = {
					A58111381C40B82000A3939C = {
						CreatedOnToolsVersion = 7.2;
					};
					A581114F1C40B82100A3939C = {
						CreatedOnToolsVersion = 7.2;
						TestTargetID = A58111381C40B82000A3939C;
					};
					A581115A1C40B82100A3939C = {
						CreatedOnToolsVersion = 7.2;
						TestTargetID = A58111381C40B82000A3939C;
					};
				};
			};
			buildConfigurationList = A58111341C40B82000A3939C /* Build configuration list for PBXProject "NaijaTalk" */;
			compatibilityVersion = "Xcode 3.2";
			developmentRegion = English;
			hasScannedForEncodings = 0;
			knownRegions = (
				en,
				Base,
			);
			mainGroup = A58111301C40B82000A3939C;
			productRefGroup = A581113A1C40B82000A3939C /* Products */;
			projectDirPath = "";
			projectRoot = "";
			targets = (
				A58111381C40B82000A3939C /* NaijaTalk */,
				A581114F1C40B82100A3939C /* NaijaTalkTests */,
				A581115A1C40B82100A3939C /* NaijaTalkUITests */,
			);
		};
/* End PBXProject section */

/* Begin PBXResourcesBuildPhase section */
		A58111371C40B82000A3939C /* Resources */ = {
			isa = PBXResourcesBuildPhase;
			buildActionMask = 2147483647;
			files = (
				A581114A1C40B82100A3939C /* LaunchScreen.storyboard in Resources */,
				A58111811C40EDE600A3939C /* GoogleService-Info.plist in Resources */,
				A58111471C40B82100A3939C /* Assets.xcassets in Resources */,
				A58111421C40B82000A3939C /* Main.storyboard in Resources */,
				A5E7F3B51C427485003027F2 /* NTFeedCell.xib in Resources */,
			);
			runOnlyForDeploymentPostprocessing = 0;
		};
		A581114E1C40B82100A3939C /* Resources */ = {
			isa = PBXResourcesBuildPhase;
			buildActionMask = 2147483647;
			files = (
			);
			runOnlyForDeploymentPostprocessing = 0;
		};
		A58111591C40B82100A3939C /* Resources */ = {
			isa = PBXResourcesBuildPhase;
			buildActionMask = 2147483647;
			files = (
			);
			runOnlyForDeploymentPostprocessing = 0;
		};
/* End PBXResourcesBuildPhase section */

/* Begin PBXShellScriptBuildPhase section */
		46099C7C7F5D2379ED8D08B5 /* Copy Pods Resources */ = {
			isa = PBXShellScriptBuildPhase;
			buildActionMask = 2147483647;
			files = (
			);
			inputPaths = (
			);
			name = "Copy Pods Resources";
			outputPaths = (
			);
			runOnlyForDeploymentPostprocessing = 0;
			shellPath = /bin/sh;
			shellScript = "\"${SRCROOT}/Pods/Target Support Files/Pods-NaijaTalk/Pods-NaijaTalk-resources.sh\"\n";
			showEnvVarsInLog = 0;
		};
		4EE969BB27EF278DCD0D4C25 /* Embed Pods Frameworks */ = {
			isa = PBXShellScriptBuildPhase;
			buildActionMask = 2147483647;
			files = (
			);
			inputPaths = (
			);
			name = "Embed Pods Frameworks";
			outputPaths = (
			);
			runOnlyForDeploymentPostprocessing = 0;
			shellPath = /bin/sh;
			shellScript = "\"${SRCROOT}/Pods/Target Support Files/Pods-NaijaTalk/Pods-NaijaTalk-frameworks.sh\"\n";
			showEnvVarsInLog = 0;
		};
		B7265333E2771DD1A3496955 /* Check Pods Manifest.lock */ = {
			isa = PBXShellScriptBuildPhase;
			buildActionMask = 2147483647;
			files = (
			);
			inputPaths = (
			);
			name = "Check Pods Manifest.lock";
			outputPaths = (
			);
			runOnlyForDeploymentPostprocessing = 0;
			shellPath = /bin/sh;
			shellScript = "diff \"${PODS_ROOT}/../Podfile.lock\" \"${PODS_ROOT}/Manifest.lock\" > /dev/null\nif [[ $? != 0 ]] ; then\n    cat << EOM\nerror: The sandbox is not in sync with the Podfile.lock. Run 'pod install' or update your CocoaPods installation.\nEOM\n    exit 1\nfi\n";
			showEnvVarsInLog = 0;
		};
/* End PBXShellScriptBuildPhase section */

/* Begin PBXSourcesBuildPhase section */
		A58111351C40B82000A3939C /* Sources */ = {
			isa = PBXSourcesBuildPhase;
			buildActionMask = 2147483647;
			files = (
				A58111841C41085C00A3939C /* NTUser.swift in Sources */,
				A5E7F40B1C44E258003027F2 /* NTFeedDetailsTableViewController.swift in Sources */,
				A5E7F4111C45B2D1003027F2 /* activityIndicator.swift in Sources */,
				A5E7F3E91C442A0C003027F2 /* NTCommentTableViewCell.swift in Sources */,
				A581117F1C40E89900A3939C /* NTLoginViewController.swift in Sources */,
				A5E7F3B91C42903F003027F2 /* NTCreateFeedViewController.swift in Sources */,
				A58111781C40D41100A3939C /* NTFirebaseHelper.swift in Sources */,
				A58111741C40D35500A3939C /* NTGenericVC.swift in Sources */,
				A5E7F3BB1C42B9CA003027F2 /* NTLogs.swift in Sources */,
				A5E7F3B21C42721D003027F2 /* NTCurrentUserLogViewController.swift in Sources */,
				A581118C1C417ACC00A3939C /* NTUserProfileUpdateViewController.swift in Sources */,
				A5E7F3B71C428509003027F2 /* NTFeedsTableViewCell.swift in Sources */,
				A5E7F40D1C450947003027F2 /* Comment.swift in Sources */,
				A5E7F3B01C4271E1003027F2 /* NTLoggedFeedsViewController.swift in Sources */,
				A5E7F40F1C450CAD003027F2 /* NTAddCommentViewController.swift in Sources */,
				A5E7F3E71C441891003027F2 /* MyFeedTableViewCell.swift in Sources */,
				A581113D1C40B82000A3939C /* AppDelegate.swift in Sources */,
				A5E7F3EB1C443B62003027F2 /* NTFeedDetailTableViewCell.swift in Sources */,
			);
			runOnlyForDeploymentPostprocessing = 0;
		};
		A581114C1C40B82100A3939C /* Sources */ = {
			isa = PBXSourcesBuildPhase;
			buildActionMask = 2147483647;
			files = (
				A58111551C40B82100A3939C /* NaijaTalkTests.swift in Sources */,
			);
			runOnlyForDeploymentPostprocessing = 0;
		};
		A58111571C40B82100A3939C /* Sources */ = {
			isa = PBXSourcesBuildPhase;
			buildActionMask = 2147483647;
			files = (
				A58111601C40B82100A3939C /* NaijaTalkUITests.swift in Sources */,
			);
			runOnlyForDeploymentPostprocessing = 0;
		};
/* End PBXSourcesBuildPhase section */

/* Begin PBXTargetDependency section */
		A58111521C40B82100A3939C /* PBXTargetDependency */ = {
			isa = PBXTargetDependency;
			target = A58111381C40B82000A3939C /* NaijaTalk */;
			targetProxy = A58111511C40B82100A3939C /* PBXContainerItemProxy */;
		};
		A581115D1C40B82100A3939C /* PBXTargetDependency */ = {
			isa = PBXTargetDependency;
			target = A58111381C40B82000A3939C /* NaijaTalk */;
			targetProxy = A581115C1C40B82100A3939C /* PBXContainerItemProxy */;
		};
/* End PBXTargetDependency section */

/* Begin PBXVariantGroup section */
		A58111401C40B82000A3939C /* Main.storyboard */ = {
			isa = PBXVariantGroup;
			children = (
				A58111411C40B82000A3939C /* Base */,
			);
			name = Main.storyboard;
			sourceTree = "<group>";
		};
		A58111481C40B82100A3939C /* LaunchScreen.storyboard */ = {
			isa = PBXVariantGroup;
			children = (
				A58111491C40B82100A3939C /* Base */,
			);
			name = LaunchScreen.storyboard;
			sourceTree = "<group>";
		};
/* End PBXVariantGroup section */

/* Begin XCBuildConfiguration section */
		A58111621C40B82100A3939C /* Debug */ = {
			isa = XCBuildConfiguration;
			buildSettings = {
				ALWAYS_SEARCH_USER_PATHS = NO;
				CLANG_CXX_LANGUAGE_STANDARD = "gnu++0x";
				CLANG_CXX_LIBRARY = "libc++";
				CLANG_ENABLE_MODULES = YES;
				CLANG_ENABLE_OBJC_ARC = YES;
				CLANG_WARN_BOOL_CONVERSION = YES;
				CLANG_WARN_CONSTANT_CONVERSION = YES;
				CLANG_WARN_DIRECT_OBJC_ISA_USAGE = YES_ERROR;
				CLANG_WARN_EMPTY_BODY = YES;
				CLANG_WARN_ENUM_CONVERSION = YES;
				CLANG_WARN_INT_CONVERSION = YES;
				CLANG_WARN_OBJC_ROOT_CLASS = YES_ERROR;
				CLANG_WARN_UNREACHABLE_CODE = YES;
				CLANG_WARN__DUPLICATE_METHOD_MATCH = YES;
				"CODE_SIGN_IDENTITY[sdk=iphoneos*]" = "iPhone Developer";
				COPY_PHASE_STRIP = NO;
				DEBUG_INFORMATION_FORMAT = dwarf;
				ENABLE_STRICT_OBJC_MSGSEND = YES;
				ENABLE_TESTABILITY = YES;
				GCC_C_LANGUAGE_STANDARD = gnu99;
				GCC_DYNAMIC_NO_PIC = NO;
				GCC_NO_COMMON_BLOCKS = YES;
				GCC_OPTIMIZATION_LEVEL = 0;
				GCC_PREPROCESSOR_DEFINITIONS = (
					"DEBUG=1",
					"$(inherited)",
				);
				GCC_WARN_64_TO_32_BIT_CONVERSION = YES;
				GCC_WARN_ABOUT_RETURN_TYPE = YES_ERROR;
				GCC_WARN_UNDECLARED_SELECTOR = YES;
				GCC_WARN_UNINITIALIZED_AUTOS = YES_AGGRESSIVE;
				GCC_WARN_UNUSED_FUNCTION = YES;
				GCC_WARN_UNUSED_VARIABLE = YES;
				IPHONEOS_DEPLOYMENT_TARGET = 9.2;
				MTL_ENABLE_DEBUG_INFO = YES;
				ONLY_ACTIVE_ARCH = YES;
				SDKROOT = iphoneos;
				SWIFT_OPTIMIZATION_LEVEL = "-Onone";
				TARGETED_DEVICE_FAMILY = "1,2";
			};
			name = Debug;
		};
		A58111631C40B82100A3939C /* Release */ = {
			isa = XCBuildConfiguration;
			buildSettings = {
				ALWAYS_SEARCH_USER_PATHS = NO;
				CLANG_CXX_LANGUAGE_STANDARD = "gnu++0x";
				CLANG_CXX_LIBRARY = "libc++";
				CLANG_ENABLE_MODULES = YES;
				CLANG_ENABLE_OBJC_ARC = YES;
				CLANG_WARN_BOOL_CONVERSION = YES;
				CLANG_WARN_CONSTANT_CONVERSION = YES;
				CLANG_WARN_DIRECT_OBJC_ISA_USAGE = YES_ERROR;
				CLANG_WARN_EMPTY_BODY = YES;
				CLANG_WARN_ENUM_CONVERSION = YES;
				CLANG_WARN_INT_CONVERSION = YES;
				CLANG_WARN_OBJC_ROOT_CLASS = YES_ERROR;
				CLANG_WARN_UNREACHABLE_CODE = YES;
				CLANG_WARN__DUPLICATE_METHOD_MATCH = YES;
				"CODE_SIGN_IDENTITY[sdk=iphoneos*]" = "iPhone Developer";
				COPY_PHASE_STRIP = NO;
				DEBUG_INFORMATION_FORMAT = "dwarf-with-dsym";
				ENABLE_NS_ASSERTIONS = NO;
				ENABLE_STRICT_OBJC_MSGSEND = YES;
				GCC_C_LANGUAGE_STANDARD = gnu99;
				GCC_NO_COMMON_BLOCKS = YES;
				GCC_WARN_64_TO_32_BIT_CONVERSION = YES;
				GCC_WARN_ABOUT_RETURN_TYPE = YES_ERROR;
				GCC_WARN_UNDECLARED_SELECTOR = YES;
				GCC_WARN_UNINITIALIZED_AUTOS = YES_AGGRESSIVE;
				GCC_WARN_UNUSED_FUNCTION = YES;
				GCC_WARN_UNUSED_VARIABLE = YES;
				IPHONEOS_DEPLOYMENT_TARGET = 9.2;
				MTL_ENABLE_DEBUG_INFO = NO;
				SDKROOT = iphoneos;
				TARGETED_DEVICE_FAMILY = "1,2";
				VALIDATE_PRODUCT = YES;
			};
			name = Release;
		};
		A58111651C40B82100A3939C /* Debug */ = {
			isa = XCBuildConfiguration;
			baseConfigurationReference = D2C58C115F4C0137CB82BB9C /* Pods-NaijaTalk.debug.xcconfig */;
			buildSettings = {
				ASSETCATALOG_COMPILER_APPICON_NAME = AppIcon;
				ENABLE_BITCODE = NO;
				FRAMEWORK_SEARCH_PATHS = (
					"$(inherited)",
					"$(PROJECT_DIR)",
				);
				INFOPLIST_FILE = NaijaTalk/Info.plist;
				LD_RUNPATH_SEARCH_PATHS = "$(inherited) @executable_path/Frameworks";
				PRODUCT_BUNDLE_IDENTIFIER = com.andela.NaijaTalk;
				PRODUCT_NAME = "$(TARGET_NAME)";
				SWIFT_OBJC_BRIDGING_HEADER = "NaijaTalk/NaijaTalk-Bridging-Header.h";
			};
			name = Debug;
		};
		A58111661C40B82100A3939C /* Release */ = {
			isa = XCBuildConfiguration;
			baseConfigurationReference = 743C178A557681503669B040 /* Pods-NaijaTalk.release.xcconfig */;
			buildSettings = {
				ASSETCATALOG_COMPILER_APPICON_NAME = AppIcon;
				ENABLE_BITCODE = NO;
				FRAMEWORK_SEARCH_PATHS = (
					"$(inherited)",
					"$(PROJECT_DIR)",
				);
				INFOPLIST_FILE = NaijaTalk/Info.plist;
				LD_RUNPATH_SEARCH_PATHS = "$(inherited) @executable_path/Frameworks";
				PRODUCT_BUNDLE_IDENTIFIER = com.andela.NaijaTalk;
				PRODUCT_NAME = "$(TARGET_NAME)";
				SWIFT_OBJC_BRIDGING_HEADER = "NaijaTalk/NaijaTalk-Bridging-Header.h";
			};
			name = Release;
		};
		A58111681C40B82100A3939C /* Debug */ = {
			isa = XCBuildConfiguration;
			buildSettings = {
				BUNDLE_LOADER = "$(TEST_HOST)";
				INFOPLIST_FILE = NaijaTalkTests/Info.plist;
				LD_RUNPATH_SEARCH_PATHS = "$(inherited) @executable_path/Frameworks @loader_path/Frameworks";
				PRODUCT_BUNDLE_IDENTIFIER = com.andela.NaijaTalkTests;
				PRODUCT_NAME = "$(TARGET_NAME)";
				TEST_HOST = "$(BUILT_PRODUCTS_DIR)/NaijaTalk.app/NaijaTalk";
			};
			name = Debug;
		};
		A58111691C40B82100A3939C /* Release */ = {
			isa = XCBuildConfiguration;
			buildSettings = {
				BUNDLE_LOADER = "$(TEST_HOST)";
				INFOPLIST_FILE = NaijaTalkTests/Info.plist;
				LD_RUNPATH_SEARCH_PATHS = "$(inherited) @executable_path/Frameworks @loader_path/Frameworks";
				PRODUCT_BUNDLE_IDENTIFIER = com.andela.NaijaTalkTests;
				PRODUCT_NAME = "$(TARGET_NAME)";
				TEST_HOST = "$(BUILT_PRODUCTS_DIR)/NaijaTalk.app/NaijaTalk";
			};
			name = Release;
		};
		A581116B1C40B82100A3939C /* Debug */ = {
			isa = XCBuildConfiguration;
			buildSettings = {
				INFOPLIST_FILE = NaijaTalkUITests/Info.plist;
				LD_RUNPATH_SEARCH_PATHS = "$(inherited) @executable_path/Frameworks @loader_path/Frameworks";
				PRODUCT_BUNDLE_IDENTIFIER = com.andela.NaijaTalkUITests;
				PRODUCT_NAME = "$(TARGET_NAME)";
				TEST_TARGET_NAME = NaijaTalk;
				USES_XCTRUNNER = YES;
			};
			name = Debug;
		};
		A581116C1C40B82100A3939C /* Release */ = {
			isa = XCBuildConfiguration;
			buildSettings = {
				INFOPLIST_FILE = NaijaTalkUITests/Info.plist;
				LD_RUNPATH_SEARCH_PATHS = "$(inherited) @executable_path/Frameworks @loader_path/Frameworks";
				PRODUCT_BUNDLE_IDENTIFIER = com.andela.NaijaTalkUITests;
				PRODUCT_NAME = "$(TARGET_NAME)";
				TEST_TARGET_NAME = NaijaTalk;
				USES_XCTRUNNER = YES;
			};
			name = Release;
		};
/* End XCBuildConfiguration section */

/* Begin XCConfigurationList section */
		A58111341C40B82000A3939C /* Build configuration list for PBXProject "NaijaTalk" */ = {
			isa = XCConfigurationList;
			buildConfigurations = (
				A58111621C40B82100A3939C /* Debug */,
				A58111631C40B82100A3939C /* Release */,
			);
			defaultConfigurationIsVisible = 0;
			defaultConfigurationName = Release;
		};
		A58111641C40B82100A3939C /* Build configuration list for PBXNativeTarget "NaijaTalk" */ = {
			isa = XCConfigurationList;
			buildConfigurations = (
				A58111651C40B82100A3939C /* Debug */,
				A58111661C40B82100A3939C /* Release */,
			);
			defaultConfigurationIsVisible = 0;
			defaultConfigurationName = Release;
		};
		A58111671C40B82100A3939C /* Build configuration list for PBXNativeTarget "NaijaTalkTests" */ = {
			isa = XCConfigurationList;
			buildConfigurations = (
				A58111681C40B82100A3939C /* Debug */,
				A58111691C40B82100A3939C /* Release */,
			);
			defaultConfigurationIsVisible = 0;
			defaultConfigurationName = Release;
		};
		A581116A1C40B82100A3939C /* Build configuration list for PBXNativeTarget "NaijaTalkUITests" */ = {
			isa = XCConfigurationList;
			buildConfigurations = (
				A581116B1C40B82100A3939C /* Debug */,
				A581116C1C40B82100A3939C /* Release */,
			);
			defaultConfigurationIsVisible = 0;
			defaultConfigurationName = Release;
		};
/* End XCConfigurationList section */
	};
	rootObject = A58111311C40B82000A3939C /* Project object */;
}
